
Microsoft Visual Studio Solution File, Format Version 12.00
# Visual Studio Version 16
VisualStudioVersion = 16.0.31025.194
MinimumVisualStudioVersion = 10.0.40219.1
Project("{9A19103F-16F7-4668-BE54-9A1E7A4F7556}") = "Client", "Client\Client.csproj", "{76325AE1-0386-4045-97A2-272B01C4AE24}"
EndProject
Project("{9A19103F-16F7-4668-BE54-9A1E7A4F7556}") = "Api", "Api\Api.csproj", "{F8F96907-527C-45D3-BC3D-6C165FF61FD5}"
EndProject
Project("{FAE04EC0-301F-11D3-BF4B-00C04F79EFBC}") = "BlazorApp.Model", "BlazorApp.Model\BlazorApp.Model.csproj", "{92DB071F-8CF4-40B4-B442-07E68DB33920}"
EndProject
Global
	GlobalSection(SolutionConfigurationPlatforms) = preSolution
		Debug|Any CPU = Debug|Any CPU
		Release|Any CPU = Release|Any CPU
	EndGlobalSection
	GlobalSection(ProjectConfigurationPlatforms) = postSolution
		{76325AE1-0386-4045-97A2-272B01C4AE24}.Debug|Any CPU.ActiveCfg = Debug|Any CPU
		{76325AE1-0386-4045-97A2-272B01C4AE24}.Debug|Any CPU.Build.0 = Debug|Any CPU
		{76325AE1-0386-4045-97A2-272B01C4AE24}.Release|Any CPU.ActiveCfg = Release|Any CPU
		{76325AE1-0386-4045-97A2-272B01C4AE24}.Release|Any CPU.Build.0 = Release|Any CPU
		{F8F96907-527C-45D3-BC3D-6C165FF61FD5}.Debug|Any CPU.ActiveCfg = Debug|Any CPU
		{F8F96907-527C-45D3-BC3D-6C165FF61FD5}.Debug|Any CPU.Build.0 = Debug|Any CPU
		{F8F96907-527C-45D3-BC3D-6C165FF61FD5}.Release|Any CPU.ActiveCfg = Release|Any CPU
		{F8F96907-527C-45D3-BC3D-6C165FF61FD5}.Release|Any CPU.Build.0 = Release|Any CPU
		{92DB071F-8CF4-40B4-B442-07E68DB33920}.Debug|Any CPU.ActiveCfg = Debug|Any CPU
		{92DB071F-8CF4-40B4-B442-07E68DB33920}.Debug|Any CPU.Build.0 = Debug|Any CPU
		{92DB071F-8CF4-40B4-B442-07E68DB33920}.Release|Any CPU.ActiveCfg = Release|Any CPU
		{92DB071F-8CF4-40B4-B442-07E68DB33920}.Release|Any CPU.Build.0 = Release|Any CPU
	EndGlobalSection
	GlobalSection(SolutionProperties) = preSolution
		HideSolutionNode = FALSE
	EndGlobalSection
	GlobalSection(ExtensibilityGlobals) = postSolution
		SolutionGuid = {B3F19B47-4A64-4E11-9796-39E9D49ACC6C}
	EndGlobalSection
EndGlobal
